
Microsoft Visual Studio Solution File, Format Version 12.00
# Visual Studio 14
VisualStudioVersion = 14.0.24720.0
MinimumVisualStudioVersion = 10.0.40219.1
Project("{2150E333-8FDC-42A3-9474-1A3956D46DE8}") = "src", "src", "{5EE02F32-89FD-4F71-8A0B-C654B1849AE3}"
EndProject
Project("{2150E333-8FDC-42A3-9474-1A3956D46DE8}") = "Solution Items", "Solution Items", "{31C72D18-5B9D-4243-89C4-C05D67B61444}"
	ProjectSection(SolutionItems) = preProject
		global.json = global.json
	EndProjectSection
EndProject
Project("{8BB2217D-0F2D-49D1-97BC-3654ED321F3B}") = "Partyguard", "src\Partyguard\Partyguard.xproj", "{10CAFF22-223E-4F58-B766-C31E3D303989}"
EndProject
Global
	GlobalSection(SolutionConfigurationPlatforms) = preSolution
		Debug|Any CPU = Debug|Any CPU
		Release|Any CPU = Release|Any CPU
	EndGlobalSection
	GlobalSection(ProjectConfigurationPlatforms) = postSolution
		{10CAFF22-223E-4F58-B766-C31E3D303989}.Debug|Any CPU.ActiveCfg = Debug|Any CPU
		{10CAFF22-223E-4F58-B766-C31E3D303989}.Debug|Any CPU.Build.0 = Debug|Any CPU
		{10CAFF22-223E-4F58-B766-C31E3D303989}.Release|Any CPU.ActiveCfg = Release|Any CPU
		{10CAFF22-223E-4F58-B766-C31E3D303989}.Release|Any CPU.Build.0 = Release|Any CPU
	EndGlobalSection
	GlobalSection(SolutionProperties) = preSolution
		HideSolutionNode = FALSE
	EndGlobalSection
	GlobalSection(NestedProjects) = preSolution
		{10CAFF22-223E-4F58-B766-C31E3D303989} = {5EE02F32-89FD-4F71-8A0B-C654B1849AE3}
	EndGlobalSection
EndGlobal
